
Microsoft Visual Studio Solution File, Format Version 12.00
# Visual Studio 14
VisualStudioVersion = 14.0.22823.1
MinimumVisualStudioVersion = 10.0.40219.1
Project("{FAE04EC0-301F-11D3-BF4B-00C04F79EFBC}") = "SearchBox", "SearchBox\SearchBox.csproj", "{262C69A0-BA82-4044-AE51-58B4084500D5}"
EndProject
Project("{FAE04EC0-301F-11D3-BF4B-00C04F79EFBC}") = "SearchBox.Models", "SearchBox.Models\SearchBox.Models.csproj", "{A0742808-B2BE-4751-9F2B-9BDFAB37FE6D}"
EndProject
Project("{FAE04EC0-301F-11D3-BF4B-00C04F79EFBC}") = "SearchCommon", "SearchCommon\SearchCommon.csproj", "{D0148497-702E-4B94-8290-1AB602D7F67B}"
EndProject
Global
	GlobalSection(SolutionConfigurationPlatforms) = preSolution
		Debug|Any CPU = Debug|Any CPU
		Release|Any CPU = Release|Any CPU
	EndGlobalSection
	GlobalSection(ProjectConfigurationPlatforms) = postSolution
		{262C69A0-BA82-4044-AE51-58B4084500D5}.Debug|Any CPU.ActiveCfg = Debug|Any CPU
		{262C69A0-BA82-4044-AE51-58B4084500D5}.Debug|Any CPU.Build.0 = Debug|Any CPU
		{262C69A0-BA82-4044-AE51-58B4084500D5}.Release|Any CPU.ActiveCfg = Release|Any CPU
		{262C69A0-BA82-4044-AE51-58B4084500D5}.Release|Any CPU.Build.0 = Release|Any CPU
		{A0742808-B2BE-4751-9F2B-9BDFAB37FE6D}.Debug|Any CPU.ActiveCfg = Debug|Any CPU
		{A0742808-B2BE-4751-9F2B-9BDFAB37FE6D}.Debug|Any CPU.Build.0 = Debug|Any CPU
		{A0742808-B2BE-4751-9F2B-9BDFAB37FE6D}.Release|Any CPU.ActiveCfg = Release|Any CPU
		{A0742808-B2BE-4751-9F2B-9BDFAB37FE6D}.Release|Any CPU.Build.0 = Release|Any CPU
		{D0148497-702E-4B94-8290-1AB602D7F67B}.Debug|Any CPU.ActiveCfg = Debug|Any CPU
		{D0148497-702E-4B94-8290-1AB602D7F67B}.Debug|Any CPU.Build.0 = Debug|Any CPU
		{D0148497-702E-4B94-8290-1AB602D7F67B}.Release|Any CPU.ActiveCfg = Release|Any CPU
		{D0148497-702E-4B94-8290-1AB602D7F67B}.Release|Any CPU.Build.0 = Release|Any CPU
	EndGlobalSection
	GlobalSection(SolutionProperties) = preSolution
		HideSolutionNode = FALSE
	EndGlobalSection
EndGlobal
